
Microsoft Visual Studio Solution File, Format Version 12.00
# Visual Studio Version 16
VisualStudioVersion = 16.0.30225.117
MinimumVisualStudioVersion = 10.0.40219.1
Project("{151D2E53-A2C4-4D7D-83FE-D05416EBD58E}") = "AppService", "AppService\AppService.deployproj", "{7392BE9A-23EF-49CB-96E2-1CA936F4A2B4}"
EndProject
Project("{FAE04EC0-301F-11D3-BF4B-00C04F79EFBC}") = "webApp", "webApp\webApp.csproj", "{92500707-18E7-428B-87E7-8C4DBF0B743E}"
EndProject
Global
	GlobalSection(SolutionConfigurationPlatforms) = preSolution
		Debug|Any CPU = Debug|Any CPU
		Release|Any CPU = Release|Any CPU
	EndGlobalSection
	GlobalSection(ProjectConfigurationPlatforms) = postSolution
		{7392BE9A-23EF-49CB-96E2-1CA936F4A2B4}.Debug|Any CPU.ActiveCfg = Debug|Any CPU
		{7392BE9A-23EF-49CB-96E2-1CA936F4A2B4}.Debug|Any CPU.Build.0 = Debug|Any CPU
		{7392BE9A-23EF-49CB-96E2-1CA936F4A2B4}.Release|Any CPU.ActiveCfg = Release|Any CPU
		{7392BE9A-23EF-49CB-96E2-1CA936F4A2B4}.Release|Any CPU.Build.0 = Release|Any CPU
		{92500707-18E7-428B-87E7-8C4DBF0B743E}.Debug|Any CPU.ActiveCfg = Debug|Any CPU
		{92500707-18E7-428B-87E7-8C4DBF0B743E}.Debug|Any CPU.Build.0 = Debug|Any CPU
		{92500707-18E7-428B-87E7-8C4DBF0B743E}.Release|Any CPU.ActiveCfg = Release|Any CPU
		{92500707-18E7-428B-87E7-8C4DBF0B743E}.Release|Any CPU.Build.0 = Release|Any CPU
	EndGlobalSection
	GlobalSection(SolutionProperties) = preSolution
		HideSolutionNode = FALSE
	EndGlobalSection
	GlobalSection(ExtensibilityGlobals) = postSolution
		SolutionGuid = {6D2586D5-5F8E-43CC-B986-CBC4D770AC67}
	EndGlobalSection
EndGlobal
